// !$*UTF8*$!
{
	archiveVersion = 1;
	classes = {
	};
	objectVersion = 50;
	objects = {

/* Begin PBXBuildFile section */
		A4D570D92487B60F00ADF6E4 /* AppDelegate.swift in Sources */ = {isa = PBXBuildFile; fileRef = A4D570D82487B60F00ADF6E4 /* AppDelegate.swift */; };
		A4D570DB2487B60F00ADF6E4 /* SceneDelegate.swift in Sources */ = {isa = PBXBuildFile; fileRef = A4D570DA2487B60F00ADF6E4 /* SceneDelegate.swift */; };
		A4D570E02487B60F00ADF6E4 /* Main.storyboard in Resources */ = {isa = PBXBuildFile; fileRef = A4D570DE2487B60F00ADF6E4 /* Main.storyboard */; };
		A4D570E22487B61000ADF6E4 /* Assets.xcassets in Resources */ = {isa = PBXBuildFile; fileRef = A4D570E12487B61000ADF6E4 /* Assets.xcassets */; };
		A4D570E52487B61000ADF6E4 /* LaunchScreen.storyboard in Resources */ = {isa = PBXBuildFile; fileRef = A4D570E32487B61000ADF6E4 /* LaunchScreen.storyboard */; };
		A4D570ED2487B6F200ADF6E4 /* .gitignore in Resources */ = {isa = PBXBuildFile; fileRef = A4D570EC2487B6F200ADF6E4 /* .gitignore */; };
		A4D570F02487BE8900ADF6E4 /* Home.storyboard in Resources */ = {isa = PBXBuildFile; fileRef = A4D570EE2487BE8900ADF6E4 /* Home.storyboard */; };
		A4D570F22487BE9E00ADF6E4 /* Live.storyboard in Resources */ = {isa = PBXBuildFile; fileRef = A4D570F12487BE9E00ADF6E4 /* Live.storyboard */; };
		A4D570F52487BEC900ADF6E4 /* Follow.storyboard in Resources */ = {isa = PBXBuildFile; fileRef = A4D570F32487BEC900ADF6E4 /* Follow.storyboard */; };
		A4D570F72487BEDA00ADF6E4 /* Me.storyboard in Resources */ = {isa = PBXBuildFile; fileRef = A4D570F62487BEDA00ADF6E4 /* Me.storyboard */; };
		A4D5710A2487D07900ADF6E4 /* HomeViewController.swift in Sources */ = {isa = PBXBuildFile; fileRef = A4D571092487D07900ADF6E4 /* HomeViewController.swift */; };
		A4D5710E2488DC9200ADF6E4 /* Constants.swift in Sources */ = {isa = PBXBuildFile; fileRef = A4D5710D2488DC9200ADF6E4 /* Constants.swift */; };
		A4D571102488E50C00ADF6E4 /* UIBarButtonItem-Extension.swift in Sources */ = {isa = PBXBuildFile; fileRef = A4D5710F2488E50C00ADF6E4 /* UIBarButtonItem-Extension.swift */; };
		A4D571152488FCEB00ADF6E4 /* PageTitleView.swift in Sources */ = {isa = PBXBuildFile; fileRef = A4D571142488FCEB00ADF6E4 /* PageTitleView.swift */; };
		A4D571172489244300ADF6E4 /* UIColor-Extension.swift in Sources */ = {isa = PBXBuildFile; fileRef = A4D571162489244300ADF6E4 /* UIColor-Extension.swift */; };
		A4D5711924892FAC00ADF6E4 /* PageContentView.swift in Sources */ = {isa = PBXBuildFile; fileRef = A4D5711824892FAC00ADF6E4 /* PageContentView.swift */; };
/* End PBXBuildFile section */

/* Begin PBXFileReference section */
		A4D570D52487B60F00ADF6E4 /* CodeViewTest.app */ = {isa = PBXFileReference; explicitFileType = wrapper.application; includeInIndex = 0; path = CodeViewTest.app; sourceTree = BUILT_PRODUCTS_DIR; };
		A4D570D82487B60F00ADF6E4 /* AppDelegate.swift */ = {isa = PBXFileReference; lastKnownFileType = sourcecode.swift; path = AppDelegate.swift; sourceTree = "<group>"; };
		A4D570DA2487B60F00ADF6E4 /* SceneDelegate.swift */ = {isa = PBXFileReference; lastKnownFileType = sourcecode.swift; path = SceneDelegate.swift; sourceTree = "<group>"; };
		A4D570DF2487B60F00ADF6E4 /* Base */ = {isa = PBXFileReference; lastKnownFileType = file.storyboard; name = Base; path = Base.lproj/Main.storyboard; sourceTree = "<group>"; };
		A4D570E12487B61000ADF6E4 /* Assets.xcassets */ = {isa = PBXFileReference; lastKnownFileType = folder.assetcatalog; path = Assets.xcassets; sourceTree = "<group>"; };
		A4D570E42487B61000ADF6E4 /* Base */ = {isa = PBXFileReference; lastKnownFileType = file.storyboard; name = Base; path = Base.lproj/LaunchScreen.storyboard; sourceTree = "<group>"; };
		A4D570E62487B61000ADF6E4 /* Info.plist */ = {isa = PBXFileReference; lastKnownFileType = text.plist.xml; path = Info.plist; sourceTree = "<group>"; };
		A4D570EC2487B6F200ADF6E4 /* .gitignore */ = {isa = PBXFileReference; lastKnownFileType = text; path = .gitignore; sourceTree = "<group>"; };
		A4D570EF2487BE8900ADF6E4 /* Base */ = {isa = PBXFileReference; lastKnownFileType = file.storyboard; name = Base; path = Base.lproj/Home.storyboard; sourceTree = "<group>"; };
		A4D570F12487BE9E00ADF6E4 /* Live.storyboard */ = {isa = PBXFileReference; fileEncoding = 4; lastKnownFileType = file.storyboard; path = Live.storyboard; sourceTree = "<group>"; };
		A4D570F42487BEC900ADF6E4 /* Base */ = {isa = PBXFileReference; lastKnownFileType = file.storyboard; name = Base; path = Base.lproj/Follow.storyboard; sourceTree = "<group>"; };
		A4D570F62487BEDA00ADF6E4 /* Me.storyboard */ = {isa = PBXFileReference; fileEncoding = 4; lastKnownFileType = file.storyboard; path = Me.storyboard; sourceTree = "<group>"; };
		A4D571092487D07900ADF6E4 /* HomeViewController.swift */ = {isa = PBXFileReference; lastKnownFileType = sourcecode.swift; path = HomeViewController.swift; sourceTree = "<group>"; };
		A4D5710D2488DC9200ADF6E4 /* Constants.swift */ = {isa = PBXFileReference; lastKnownFileType = sourcecode.swift; path = Constants.swift; sourceTree = "<group>"; };
		A4D5710F2488E50C00ADF6E4 /* UIBarButtonItem-Extension.swift */ = {isa = PBXFileReference; lastKnownFileType = sourcecode.swift; path = "UIBarButtonItem-Extension.swift"; sourceTree = "<group>"; };
		A4D571142488FCEB00ADF6E4 /* PageTitleView.swift */ = {isa = PBXFileReference; lastKnownFileType = sourcecode.swift; path = PageTitleView.swift; sourceTree = "<group>"; };
		A4D571162489244300ADF6E4 /* UIColor-Extension.swift */ = {isa = PBXFileReference; lastKnownFileType = sourcecode.swift; path = "UIColor-Extension.swift"; sourceTree = "<group>"; };
		A4D5711824892FAC00ADF6E4 /* PageContentView.swift */ = {isa = PBXFileReference; lastKnownFileType = sourcecode.swift; path = PageContentView.swift; sourceTree = "<group>"; };
/* End PBXFileReference section */

/* Begin PBXFrameworksBuildPhase section */
		A4D570D22487B60F00ADF6E4 /* Frameworks */ = {
			isa = PBXFrameworksBuildPhase;
			buildActionMask = 2147483647;
			files = (
			);
			runOnlyForDeploymentPostprocessing = 0;
		};
/* End PBXFrameworksBuildPhase section */

/* Begin PBXGroup section */
		A4D570CC2487B60F00ADF6E4 = {
			isa = PBXGroup;
			children = (
				A4D570D72487B60F00ADF6E4 /* CodeViewTest */,
				A4D570D62487B60F00ADF6E4 /* Products */,
				A4D570EC2487B6F200ADF6E4 /* .gitignore */,
			);
			sourceTree = "<group>";
		};
		A4D570D62487B60F00ADF6E4 /* Products */ = {
			isa = PBXGroup;
			children = (
				A4D570D52487B60F00ADF6E4 /* CodeViewTest.app */,
			);
			name = Products;
			sourceTree = "<group>";
		};
		A4D570D72487B60F00ADF6E4 /* CodeViewTest */ = {
			isa = PBXGroup;
			children = (
				A4D570D82487B60F00ADF6E4 /* AppDelegate.swift */,
				A4D570DA2487B60F00ADF6E4 /* SceneDelegate.swift */,
				A4D570DE2487B60F00ADF6E4 /* Main.storyboard */,
				A4D570FA2487BFE000ADF6E4 /* Home */,
				A4D570FB2487BFFC00ADF6E4 /* Live */,
				A4D570FD2487C05000ADF6E4 /* Follow */,
				A4D570FE2487C05700ADF6E4 /* Me */,
				A4D570FC2487C02600ADF6E4 /* Resources */,
				A4D570F82487BFBB00ADF6E4 /* Common */,
				A4D571002487C1D200ADF6E4 /* Configs */,
			);
			path = CodeViewTest;
			sourceTree = "<group>";
		};
		A4D570F82487BFBB00ADF6E4 /* Common */ = {
			isa = PBXGroup;
			children = (
				A4D571132488FCDE00ADF6E4 /* Views */,
				A4D571012487C20000ADF6E4 /* Extensions */,
				A4D5710D2488DC9200ADF6E4 /* Constants.swift */,
			);
			path = Common;
			sourceTree = "<group>";
		};
		A4D570FA2487BFE000ADF6E4 /* Home */ = {
			isa = PBXGroup;
			children = (
				A4D570EE2487BE8900ADF6E4 /* Home.storyboard */,
				A4D571092487D07900ADF6E4 /* HomeViewController.swift */,
			);
			path = Home;
			sourceTree = "<group>";
		};
		A4D570FB2487BFFC00ADF6E4 /* Live */ = {
			isa = PBXGroup;
			children = (
				A4D570F12487BE9E00ADF6E4 /* Live.storyboard */,
			);
			path = Live;
			sourceTree = "<group>";
		};
		A4D570FC2487C02600ADF6E4 /* Resources */ = {
			isa = PBXGroup;
			children = (
				A4D570E12487B61000ADF6E4 /* Assets.xcassets */,
			);
			path = Resources;
			sourceTree = "<group>";
		};
		A4D570FD2487C05000ADF6E4 /* Follow */ = {
			isa = PBXGroup;
			children = (
				A4D570F32487BEC900ADF6E4 /* Follow.storyboard */,
			);
			path = Follow;
			sourceTree = "<group>";
		};
		A4D570FE2487C05700ADF6E4 /* Me */ = {
			isa = PBXGroup;
			children = (
				A4D570F62487BEDA00ADF6E4 /* Me.storyboard */,
			);
			path = Me;
			sourceTree = "<group>";
		};
		A4D571002487C1D200ADF6E4 /* Configs */ = {
			isa = PBXGroup;
			children = (
				A4D570E32487B61000ADF6E4 /* LaunchScreen.storyboard */,
				A4D570E62487B61000ADF6E4 /* Info.plist */,
			);
			name = Configs;
			sourceTree = "<group>";
		};
		A4D571012487C20000ADF6E4 /* Extensions */ = {
			isa = PBXGroup;
			children = (
				A4D5710F2488E50C00ADF6E4 /* UIBarButtonItem-Extension.swift */,
				A4D571162489244300ADF6E4 /* UIColor-Extension.swift */,
			);
			path = Extensions;
			sourceTree = "<group>";
		};
		A4D571132488FCDE00ADF6E4 /* Views */ = {
			isa = PBXGroup;
			children = (
				A4D571142488FCEB00ADF6E4 /* PageTitleView.swift */,
				A4D5711824892FAC00ADF6E4 /* PageContentView.swift */,
			);
			path = Views;
			sourceTree = "<group>";
		};
/* End PBXGroup section */

/* Begin PBXNativeTarget section */
		A4D570D42487B60F00ADF6E4 /* CodeViewTest */ = {
			isa = PBXNativeTarget;
			buildConfigurationList = A4D570E92487B61000ADF6E4 /* Build configuration list for PBXNativeTarget "CodeViewTest" */;
			buildPhases = (
				A4D570D12487B60F00ADF6E4 /* Sources */,
				A4D570D22487B60F00ADF6E4 /* Frameworks */,
				A4D570D32487B60F00ADF6E4 /* Resources */,
			);
			buildRules = (
			);
			dependencies = (
			);
			name = CodeViewTest;
			productName = CodeViewTest;
			productReference = A4D570D52487B60F00ADF6E4 /* CodeViewTest.app */;
			productType = "com.apple.product-type.application";
		};
/* End PBXNativeTarget section */

/* Begin PBXProject section */
		A4D570CD2487B60F00ADF6E4 /* Project object */ = {
			isa = PBXProject;
			attributes = {
				LastSwiftUpdateCheck = 1150;
				LastUpgradeCheck = 1150;
				ORGANIZATIONNAME = Lebus;
				TargetAttributes = {
					A4D570D42487B60F00ADF6E4 = {
						CreatedOnToolsVersion = 11.5;
					};
				};
			};
			buildConfigurationList = A4D570D02487B60F00ADF6E4 /* Build configuration list for PBXProject "CodeViewTest" */;
			compatibilityVersion = "Xcode 9.3";
			developmentRegion = en;
			hasScannedForEncodings = 0;
			knownRegions = (
				en,
				Base,
			);
			mainGroup = A4D570CC2487B60F00ADF6E4;
			productRefGroup = A4D570D62487B60F00ADF6E4 /* Products */;
			projectDirPath = "";
			projectRoot = "";
			targets = (
				A4D570D42487B60F00ADF6E4 /* CodeViewTest */,
			);
		};
/* End PBXProject section */

/* Begin PBXResourcesBuildPhase section */
		A4D570D32487B60F00ADF6E4 /* Resources */ = {
			isa = PBXResourcesBuildPhase;
			buildActionMask = 2147483647;
			files = (
				A4D570ED2487B6F200ADF6E4 /* .gitignore in Resources */,
				A4D570F02487BE8900ADF6E4 /* Home.storyboard in Resources */,
				A4D570F22487BE9E00ADF6E4 /* Live.storyboard in Resources */,
				A4D570E52487B61000ADF6E4 /* LaunchScreen.storyboard in Resources */,
				A4D570F52487BEC900ADF6E4 /* Follow.storyboard in Resources */,
				A4D570E22487B61000ADF6E4 /* Assets.xcassets in Resources */,
				A4D570F72487BEDA00ADF6E4 /* Me.storyboard in Resources */,
				A4D570E02487B60F00ADF6E4 /* Main.storyboard in Resources */,
			);
			runOnlyForDeploymentPostprocessing = 0;
		};
/* End PBXResourcesBuildPhase section */

/* Begin PBXSourcesBuildPhase section */
		A4D570D12487B60F00ADF6E4 /* Sources */ = {
			isa = PBXSourcesBuildPhase;
			buildActionMask = 2147483647;
			files = (
				A4D571152488FCEB00ADF6E4 /* PageTitleView.swift in Sources */,
				A4D571102488E50C00ADF6E4 /* UIBarButtonItem-Extension.swift in Sources */,
				A4D570D92487B60F00ADF6E4 /* AppDelegate.swift in Sources */,
				A4D5711924892FAC00ADF6E4 /* PageContentView.swift in Sources */,
				A4D570DB2487B60F00ADF6E4 /* SceneDelegate.swift in Sources */,
				A4D5710A2487D07900ADF6E4 /* HomeViewController.swift in Sources */,
				A4D571172489244300ADF6E4 /* UIColor-Extension.swift in Sources */,
				A4D5710E2488DC9200ADF6E4 /* Constants.swift in Sources */,
			);
			runOnlyForDeploymentPostprocessing = 0;
		};
/* End PBXSourcesBuildPhase section */

/* Begin PBXVariantGroup section */
		A4D570DE2487B60F00ADF6E4 /* Main.storyboard */ = {
			isa = PBXVariantGroup;
			children = (
				A4D570DF2487B60F00ADF6E4 /* Base */,
			);
			name = Main.storyboard;
			sourceTree = "<group>";
		};
		A4D570E32487B61000ADF6E4 /* LaunchScreen.storyboard */ = {
			isa = PBXVariantGroup;
			children = (
				A4D570E42487B61000ADF6E4 /* Base */,
			);
			name = LaunchScreen.storyboard;
			sourceTree = "<group>";
		};
		A4D570EE2487BE8900ADF6E4 /* Home.storyboard */ = {
			isa = PBXVariantGroup;
			children = (
				A4D570EF2487BE8900ADF6E4 /* Base */,
			);
			name = Home.storyboard;
			sourceTree = "<group>";
		};
		A4D570F32487BEC900ADF6E4 /* Follow.storyboard */ = {
			isa = PBXVariantGroup;
			children = (
				A4D570F42487BEC900ADF6E4 /* Base */,
			);
			name = Follow.storyboard;
			sourceTree = "<group>";
		};
/* End PBXVariantGroup section */

/* Begin XCBuildConfiguration section */
		A4D570E72487B61000ADF6E4 /* Debug */ = {
			isa = XCBuildConfiguration;
			buildSettings = {
				ALWAYS_SEARCH_USER_PATHS = NO;
				CLANG_ANALYZER_NONNULL = YES;
				CLANG_ANALYZER_NUMBER_OBJECT_CONVERSION = YES_AGGRESSIVE;
				CLANG_CXX_LANGUAGE_STANDARD = "gnu++14";
				CLANG_CXX_LIBRARY = "libc++";
				CLANG_ENABLE_MODULES = YES;
				CLANG_ENABLE_OBJC_ARC = YES;
				CLANG_ENABLE_OBJC_WEAK = YES;
				CLANG_WARN_BLOCK_CAPTURE_AUTORELEASING = YES;
				CLANG_WARN_BOOL_CONVERSION = YES;
				CLANG_WARN_COMMA = YES;
				CLANG_WARN_CONSTANT_CONVERSION = YES;
				CLANG_WARN_DEPRECATED_OBJC_IMPLEMENTATIONS = YES;
				CLANG_WARN_DIRECT_OBJC_ISA_USAGE = YES_ERROR;
				CLANG_WARN_DOCUMENTATION_COMMENTS = YES;
				CLANG_WARN_EMPTY_BODY = YES;
				CLANG_WARN_ENUM_CONVERSION = YES;
				CLANG_WARN_INFINITE_RECURSION = YES;
				CLANG_WARN_INT_CONVERSION = YES;
				CLANG_WARN_NON_LITERAL_NULL_CONVERSION = YES;
				CLANG_WARN_OBJC_IMPLICIT_RETAIN_SELF = YES;
				CLANG_WARN_OBJC_LITERAL_CONVERSION = YES;
				CLANG_WARN_OBJC_ROOT_CLASS = YES_ERROR;
				CLANG_WARN_RANGE_LOOP_ANALYSIS = YES;
				CLANG_WARN_STRICT_PROTOTYPES = YES;
				CLANG_WARN_SUSPICIOUS_MOVE = YES;
				CLANG_WARN_UNGUARDED_AVAILABILITY = YES_AGGRESSIVE;
				CLANG_WARN_UNREACHABLE_CODE = YES;
				CLANG_WARN__DUPLICATE_METHOD_MATCH = YES;
				COPY_PHASE_STRIP = NO;
				DEBUG_INFORMATION_FORMAT = dwarf;
				ENABLE_STRICT_OBJC_MSGSEND = YES;
				ENABLE_TESTABILITY = YES;
				GCC_C_LANGUAGE_STANDARD = gnu11;
				GCC_DYNAMIC_NO_PIC = NO;
				GCC_NO_COMMON_BLOCKS = YES;
				GCC_OPTIMIZATION_LEVEL = 0;
				GCC_PREPROCESSOR_DEFINITIONS = (
					"DEBUG=1",
					"$(inherited)",
				);
				GCC_WARN_64_TO_32_BIT_CONVERSION = YES;
				GCC_WARN_ABOUT_RETURN_TYPE = YES_ERROR;
				GCC_WARN_UNDECLARED_SELECTOR = YES;
				GCC_WARN_UNINITIALIZED_AUTOS = YES_AGGRESSIVE;
				GCC_WARN_UNUSED_FUNCTION = YES;
				GCC_WARN_UNUSED_VARIABLE = YES;
				IPHONEOS_DEPLOYMENT_TARGET = 13.5;
				MTL_ENABLE_DEBUG_INFO = INCLUDE_SOURCE;
				MTL_FAST_MATH = YES;
				ONLY_ACTIVE_ARCH = YES;
				SDKROOT = iphoneos;
				SWIFT_ACTIVE_COMPILATION_CONDITIONS = DEBUG;
				SWIFT_OPTIMIZATION_LEVEL = "-Onone";
			};
			name = Debug;
		};
		A4D570E82487B61000ADF6E4 /* Release */ = {
			isa = XCBuildConfiguration;
			buildSettings = {
				ALWAYS_SEARCH_USER_PATHS = NO;
				CLANG_ANALYZER_NONNULL = YES;
				CLANG_ANALYZER_NUMBER_OBJECT_CONVERSION = YES_AGGRESSIVE;
				CLANG_CXX_LANGUAGE_STANDARD = "gnu++14";
				CLANG_CXX_LIBRARY = "libc++";
				CLANG_ENABLE_MODULES = YES;
				CLANG_ENABLE_OBJC_ARC = YES;
				CLANG_ENABLE_OBJC_WEAK = YES;
				CLANG_WARN_BLOCK_CAPTURE_AUTORELEASING = YES;
				CLANG_WARN_BOOL_CONVERSION = YES;
				CLANG_WARN_COMMA = YES;
				CLANG_WARN_CONSTANT_CONVERSION = YES;
				CLANG_WARN_DEPRECATED_OBJC_IMPLEMENTATIONS = YES;
				CLANG_WARN_DIRECT_OBJC_ISA_USAGE = YES_ERROR;
				CLANG_WARN_DOCUMENTATION_COMMENTS = YES;
				CLANG_WARN_EMPTY_BODY = YES;
				CLANG_WARN_ENUM_CONVERSION = YES;
				CLANG_WARN_INFINITE_RECURSION = YES;
				CLANG_WARN_INT_CONVERSION = YES;
				CLANG_WARN_NON_LITERAL_NULL_CONVERSION = YES;
				CLANG_WARN_OBJC_IMPLICIT_RETAIN_SELF = YES;
				CLANG_WARN_OBJC_LITERAL_CONVERSION = YES;
				CLANG_WARN_OBJC_ROOT_CLASS = YES_ERROR;
				CLANG_WARN_RANGE_LOOP_ANALYSIS = YES;
				CLANG_WARN_STRICT_PROTOTYPES = YES;
				CLANG_WARN_SUSPICIOUS_MOVE = YES;
				CLANG_WARN_UNGUARDED_AVAILABILITY = YES_AGGRESSIVE;
				CLANG_WARN_UNREACHABLE_CODE = YES;
				CLANG_WARN__DUPLICATE_METHOD_MATCH = YES;
				COPY_PHASE_STRIP = NO;
				DEBUG_INFORMATION_FORMAT = "dwarf-with-dsym";
				ENABLE_NS_ASSERTIONS = NO;
				ENABLE_STRICT_OBJC_MSGSEND = YES;
				GCC_C_LANGUAGE_STANDARD = gnu11;
				GCC_NO_COMMON_BLOCKS = YES;
				GCC_WARN_64_TO_32_BIT_CONVERSION = YES;
				GCC_WARN_ABOUT_RETURN_TYPE = YES_ERROR;
				GCC_WARN_UNDECLARED_SELECTOR = YES;
				GCC_WARN_UNINITIALIZED_AUTOS = YES_AGGRESSIVE;
				GCC_WARN_UNUSED_FUNCTION = YES;
				GCC_WARN_UNUSED_VARIABLE = YES;
				IPHONEOS_DEPLOYMENT_TARGET = 13.5;
				MTL_ENABLE_DEBUG_INFO = NO;
				MTL_FAST_MATH = YES;
				SDKROOT = iphoneos;
				SWIFT_COMPILATION_MODE = wholemodule;
				SWIFT_OPTIMIZATION_LEVEL = "-O";
				VALIDATE_PRODUCT = YES;
			};
			name = Release;
		};
		A4D570EA2487B61000ADF6E4 /* Debug */ = {
			isa = XCBuildConfiguration;
			buildSettings = {
				ASSETCATALOG_COMPILER_APPICON_NAME = AppIcon;
				CODE_SIGN_STYLE = Automatic;
				DEVELOPMENT_TEAM = 5MM83HD9FH;
				INFOPLIST_FILE = CodeViewTest/Info.plist;
				LD_RUNPATH_SEARCH_PATHS = (
					"$(inherited)",
					"@executable_path/Frameworks",
				);
				PRODUCT_BUNDLE_IDENTIFIER = com.rongcosme.CodeViewTest;
				PRODUCT_NAME = "$(TARGET_NAME)";
				SWIFT_VERSION = 5.0;
				TARGETED_DEVICE_FAMILY = "1,2";
			};
			name = Debug;
		};
		A4D570EB2487B61000ADF6E4 /* Release */ = {
			isa = XCBuildConfiguration;
			buildSettings = {
				ASSETCATALOG_COMPILER_APPICON_NAME = AppIcon;
				CODE_SIGN_STYLE = Automatic;
				DEVELOPMENT_TEAM = 5MM83HD9FH;
				INFOPLIST_FILE = CodeViewTest/Info.plist;
				LD_RUNPATH_SEARCH_PATHS = (
					"$(inherited)",
					"@executable_path/Frameworks",
				);
				PRODUCT_BUNDLE_IDENTIFIER = com.rongcosme.CodeViewTest;
				PRODUCT_NAME = "$(TARGET_NAME)";
				SWIFT_VERSION = 5.0;
				TARGETED_DEVICE_FAMILY = "1,2";
			};
			name = Release;
		};
/* End XCBuildConfiguration section */

/* Begin XCConfigurationList section */
		A4D570D02487B60F00ADF6E4 /* Build configuration list for PBXProject "CodeViewTest" */ = {
			isa = XCConfigurationList;
			buildConfigurations = (
				A4D570E72487B61000ADF6E4 /* Debug */,
				A4D570E82487B61000ADF6E4 /* Release */,
			);
			defaultConfigurationIsVisible = 0;
			defaultConfigurationName = Release;
		};
		A4D570E92487B61000ADF6E4 /* Build configuration list for PBXNativeTarget "CodeViewTest" */ = {
			isa = XCConfigurationList;
			buildConfigurations = (
				A4D570EA2487B61000ADF6E4 /* Debug */,
				A4D570EB2487B61000ADF6E4 /* Release */,
			);
			defaultConfigurationIsVisible = 0;
			defaultConfigurationName = Release;
		};
/* End XCConfigurationList section */
	};
	rootObject = A4D570CD2487B60F00ADF6E4 /* Project object */;
}
